
Microsoft Visual Studio Solution File, Format Version 12.00
# Visual Studio 2013
VisualStudioVersion = 12.0.30723.0
MinimumVisualStudioVersion = 10.0.40219.1
Project("{FAE04EC0-301F-11D3-BF4B-00C04F79EFBC}") = "CarService.Data", "CarService.Data\CarService.Data.csproj", "{0DBAFFDC-469C-4BA6-80FC-4FB8BB917D6A}"
EndProject
Project("{FAE04EC0-301F-11D3-BF4B-00C04F79EFBC}") = "CarService.Web", "CarService.Web\CarService.Web.csproj", "{A2D2F39F-7812-4DFE-A2A4-BD891346616B}"
EndProject
Project("{FAE04EC0-301F-11D3-BF4B-00C04F79EFBC}") = "CarService.Models", "CarService.Models\CarService.Models.csproj", "{B4903648-D568-4C61-ADA9-ABF7D84B292F}"
EndProject
Global
	GlobalSection(SolutionConfigurationPlatforms) = preSolution
		Debug|Any CPU = Debug|Any CPU
		Release|Any CPU = Release|Any CPU
	EndGlobalSection
	GlobalSection(ProjectConfigurationPlatforms) = postSolution
		{0DBAFFDC-469C-4BA6-80FC-4FB8BB917D6A}.Debug|Any CPU.ActiveCfg = Debug|Any CPU
		{0DBAFFDC-469C-4BA6-80FC-4FB8BB917D6A}.Debug|Any CPU.Build.0 = Debug|Any CPU
		{0DBAFFDC-469C-4BA6-80FC-4FB8BB917D6A}.Release|Any CPU.ActiveCfg = Release|Any CPU
		{0DBAFFDC-469C-4BA6-80FC-4FB8BB917D6A}.Release|Any CPU.Build.0 = Release|Any CPU
		{A2D2F39F-7812-4DFE-A2A4-BD891346616B}.Debug|Any CPU.ActiveCfg = Debug|Any CPU
		{A2D2F39F-7812-4DFE-A2A4-BD891346616B}.Debug|Any CPU.Build.0 = Debug|Any CPU
		{A2D2F39F-7812-4DFE-A2A4-BD891346616B}.Release|Any CPU.ActiveCfg = Release|Any CPU
		{A2D2F39F-7812-4DFE-A2A4-BD891346616B}.Release|Any CPU.Build.0 = Release|Any CPU
		{B4903648-D568-4C61-ADA9-ABF7D84B292F}.Debug|Any CPU.ActiveCfg = Debug|Any CPU
		{B4903648-D568-4C61-ADA9-ABF7D84B292F}.Debug|Any CPU.Build.0 = Debug|Any CPU
		{B4903648-D568-4C61-ADA9-ABF7D84B292F}.Release|Any CPU.ActiveCfg = Release|Any CPU
		{B4903648-D568-4C61-ADA9-ABF7D84B292F}.Release|Any CPU.Build.0 = Release|Any CPU
	EndGlobalSection
	GlobalSection(SolutionProperties) = preSolution
		HideSolutionNode = FALSE
	EndGlobalSection
EndGlobal
